
Microsoft Visual Studio Solution File, Format Version 12.00
Project("{FAE04EC0-301F-11D3-BF4B-00C04F79EFBC}") = "Interview.API", "Interview.API\Interview.API.csproj", "{F66F444E-BA48-4F2C-8852-D42DF9031BA9}"
EndProject
Project("{FAE04EC0-301F-11D3-BF4B-00C04F79EFBC}") = "Infrastructure", "Infrastructure\Infrastructure.csproj", "{03D96F7D-F713-4E6F-8791-1A45FCB12354}"
EndProject
Global
	GlobalSection(SolutionConfigurationPlatforms) = preSolution
		Debug|Any CPU = Debug|Any CPU
		Release|Any CPU = Release|Any CPU
	EndGlobalSection
	GlobalSection(ProjectConfigurationPlatforms) = postSolution
		{7A20A494-BB97-40A6-982C-4B77399FF049}.Debug|Any CPU.ActiveCfg = Debug|Any CPU
		{7A20A494-BB97-40A6-982C-4B77399FF049}.Debug|Any CPU.Build.0 = Debug|Any CPU
		{7A20A494-BB97-40A6-982C-4B77399FF049}.Release|Any CPU.ActiveCfg = Release|Any CPU
		{7A20A494-BB97-40A6-982C-4B77399FF049}.Release|Any CPU.Build.0 = Release|Any CPU
		{F66F444E-BA48-4F2C-8852-D42DF9031BA9}.Debug|Any CPU.ActiveCfg = Debug|Any CPU
		{F66F444E-BA48-4F2C-8852-D42DF9031BA9}.Debug|Any CPU.Build.0 = Debug|Any CPU
		{F66F444E-BA48-4F2C-8852-D42DF9031BA9}.Release|Any CPU.ActiveCfg = Release|Any CPU
		{F66F444E-BA48-4F2C-8852-D42DF9031BA9}.Release|Any CPU.Build.0 = Release|Any CPU
		{03D96F7D-F713-4E6F-8791-1A45FCB12354}.Debug|Any CPU.ActiveCfg = Debug|Any CPU
		{03D96F7D-F713-4E6F-8791-1A45FCB12354}.Debug|Any CPU.Build.0 = Debug|Any CPU
		{03D96F7D-F713-4E6F-8791-1A45FCB12354}.Release|Any CPU.ActiveCfg = Release|Any CPU
		{03D96F7D-F713-4E6F-8791-1A45FCB12354}.Release|Any CPU.Build.0 = Release|Any CPU
	EndGlobalSection
EndGlobal
